
Microsoft Visual Studio Solution File, Format Version 12.00
# Visual Studio Version 17
VisualStudioVersion = 17.4.33205.214
MinimumVisualStudioVersion = 10.0.40219.1
Project("{FAE04EC0-301F-11D3-BF4B-00C04F79EFBC}") = "DUST", "DUST.csproj", "{0C3C8176-10A7-4A50-AF60-D27268F2C689}"
EndProject
Global
	GlobalSection(SolutionConfigurationPlatforms) = preSolution
		Debug|Any CPU = Debug|Any CPU
		Release|Any CPU = Release|Any CPU
	EndGlobalSection
	GlobalSection(ProjectConfigurationPlatforms) = postSolution
		{0C3C8176-10A7-4A50-AF60-D27268F2C689}.Debug|Any CPU.ActiveCfg = Debug|Any CPU
		{0C3C8176-10A7-4A50-AF60-D27268F2C689}.Debug|Any CPU.Build.0 = Debug|Any CPU
		{0C3C8176-10A7-4A50-AF60-D27268F2C689}.Release|Any CPU.ActiveCfg = Release|Any CPU
		{0C3C8176-10A7-4A50-AF60-D27268F2C689}.Release|Any CPU.Build.0 = Release|Any CPU
	EndGlobalSection
	GlobalSection(SolutionProperties) = preSolution
		HideSolutionNode = FALSE
	EndGlobalSection
	GlobalSection(ExtensibilityGlobals) = postSolution
		SolutionGuid = {6D478BEA-7FA8-42CC-89BC-27B4D0E9D254}
	EndGlobalSection
EndGlobal
